// !$*UTF8*$!
{
	archiveVersion = 1;
	classes = {
	};
	objectVersion = 50;
	objects = {

/* Begin PBXBuildFile section */
		BFB3009022B156CB0075A10B /* AppDelegate.swift in Sources */ = {isa = PBXBuildFile; fileRef = BFB3008F22B156CB0075A10B /* AppDelegate.swift */; };
		BFB3009222B156CB0075A10B /* ViewController.swift in Sources */ = {isa = PBXBuildFile; fileRef = BFB3009122B156CB0075A10B /* ViewController.swift */; };
		BFB3009522B156CB0075A10B /* Main.storyboard in Resources */ = {isa = PBXBuildFile; fileRef = BFB3009322B156CB0075A10B /* Main.storyboard */; };
		BFB3009722B156CD0075A10B /* Assets.xcassets in Resources */ = {isa = PBXBuildFile; fileRef = BFB3009622B156CD0075A10B /* Assets.xcassets */; };
		BFB3009A22B156CD0075A10B /* LaunchScreen.storyboard in Resources */ = {isa = PBXBuildFile; fileRef = BFB3009822B156CD0075A10B /* LaunchScreen.storyboard */; };
		BFB300A422B1574A0075A10B /* EntryListModel.swift in Sources */ = {isa = PBXBuildFile; fileRef = BFB300A322B1574A0075A10B /* EntryListModel.swift */; };
		BFB300A622B1576A0075A10B /* Entry.swift in Sources */ = {isa = PBXBuildFile; fileRef = BFB300A522B1576A0075A10B /* Entry.swift */; };
		BFB300AC22B1DDDF0075A10B /* UIImageView+.swift in Sources */ = {isa = PBXBuildFile; fileRef = BFB300AB22B1DDDF0075A10B /* UIImageView+.swift */; };
/* End PBXBuildFile section */

/* Begin PBXFileReference section */
		BFB3008C22B156CB0075A10B /* APIClient-MVC.app */ = {isa = PBXFileReference; explicitFileType = wrapper.application; includeInIndex = 0; path = "APIClient-MVC.app"; sourceTree = BUILT_PRODUCTS_DIR; };
		BFB3008F22B156CB0075A10B /* AppDelegate.swift */ = {isa = PBXFileReference; lastKnownFileType = sourcecode.swift; path = AppDelegate.swift; sourceTree = "<group>"; };
		BFB3009122B156CB0075A10B /* ViewController.swift */ = {isa = PBXFileReference; lastKnownFileType = sourcecode.swift; name = ViewController.swift; path = "APIClient-MVC/ViewController.swift"; sourceTree = SOURCE_ROOT; };
		BFB3009422B156CB0075A10B /* Base */ = {isa = PBXFileReference; lastKnownFileType = file.storyboard; name = Base; path = Base.lproj/Main.storyboard; sourceTree = "<group>"; };
		BFB3009622B156CD0075A10B /* Assets.xcassets */ = {isa = PBXFileReference; lastKnownFileType = folder.assetcatalog; path = Assets.xcassets; sourceTree = "<group>"; };
		BFB3009922B156CD0075A10B /* Base */ = {isa = PBXFileReference; lastKnownFileType = file.storyboard; name = Base; path = Base.lproj/LaunchScreen.storyboard; sourceTree = "<group>"; };
		BFB3009B22B156CD0075A10B /* Info.plist */ = {isa = PBXFileReference; lastKnownFileType = text.plist.xml; path = Info.plist; sourceTree = "<group>"; };
		BFB300A322B1574A0075A10B /* EntryListModel.swift */ = {isa = PBXFileReference; lastKnownFileType = sourcecode.swift; path = EntryListModel.swift; sourceTree = "<group>"; };
		BFB300A522B1576A0075A10B /* Entry.swift */ = {isa = PBXFileReference; lastKnownFileType = sourcecode.swift; path = Entry.swift; sourceTree = "<group>"; };
		BFB300AB22B1DDDF0075A10B /* UIImageView+.swift */ = {isa = PBXFileReference; lastKnownFileType = sourcecode.swift; path = "UIImageView+.swift"; sourceTree = "<group>"; };
/* End PBXFileReference section */

/* Begin PBXFrameworksBuildPhase section */
		BFB3008922B156CB0075A10B /* Frameworks */ = {
			isa = PBXFrameworksBuildPhase;
			buildActionMask = 2147483647;
			files = (
			);
			runOnlyForDeploymentPostprocessing = 0;
		};
/* End PBXFrameworksBuildPhase section */

/* Begin PBXGroup section */
		BFB3008322B156CB0075A10B = {
			isa = PBXGroup;
			children = (
				BFB3008E22B156CB0075A10B /* APIClient-MVC */,
				BFB3008D22B156CB0075A10B /* Products */,
			);
			sourceTree = "<group>";
		};
		BFB3008D22B156CB0075A10B /* Products */ = {
			isa = PBXGroup;
			children = (
				BFB3008C22B156CB0075A10B /* APIClient-MVC.app */,
			);
			name = Products;
			sourceTree = "<group>";
		};
		BFB3008E22B156CB0075A10B /* APIClient-MVC */ = {
			isa = PBXGroup;
			children = (
				BFB3008F22B156CB0075A10B /* AppDelegate.swift */,
				BFB3009322B156CB0075A10B /* Main.storyboard */,
				BFB300AA22B1DDD10075A10B /* Extensions */,
				BFB300A222B156E00075A10B /* ViewController */,
				BFB300A122B156D80075A10B /* Model */,
				BFB3009622B156CD0075A10B /* Assets.xcassets */,
				BFB3009822B156CD0075A10B /* LaunchScreen.storyboard */,
				BFB3009B22B156CD0075A10B /* Info.plist */,
			);
			path = "APIClient-MVC";
			sourceTree = "<group>";
		};
		BFB300A122B156D80075A10B /* Model */ = {
			isa = PBXGroup;
			children = (
				BFB300A322B1574A0075A10B /* EntryListModel.swift */,
				BFB300A522B1576A0075A10B /* Entry.swift */,
			);
			path = Model;
			sourceTree = "<group>";
		};
		BFB300A222B156E00075A10B /* ViewController */ = {
			isa = PBXGroup;
			children = (
				BFB3009122B156CB0075A10B /* ViewController.swift */,
			);
			path = ViewController;
			sourceTree = "<group>";
		};
		BFB300AA22B1DDD10075A10B /* Extensions */ = {
			isa = PBXGroup;
			children = (
				BFB300AB22B1DDDF0075A10B /* UIImageView+.swift */,
			);
			path = Extensions;
			sourceTree = "<group>";
		};
/* End PBXGroup section */

/* Begin PBXNativeTarget section */
		BFB3008B22B156CB0075A10B /* APIClient-MVC */ = {
			isa = PBXNativeTarget;
			buildConfigurationList = BFB3009E22B156CD0075A10B /* Build configuration list for PBXNativeTarget "APIClient-MVC" */;
			buildPhases = (
				BFB3008822B156CB0075A10B /* Sources */,
				BFB3008922B156CB0075A10B /* Frameworks */,
				BFB3008A22B156CB0075A10B /* Resources */,
			);
			buildRules = (
			);
			dependencies = (
			);
			name = "APIClient-MVC";
			productName = "APIClient-MVC";
			productReference = BFB3008C22B156CB0075A10B /* APIClient-MVC.app */;
			productType = "com.apple.product-type.application";
		};
/* End PBXNativeTarget section */

/* Begin PBXProject section */
		BFB3008422B156CB0075A10B /* Project object */ = {
			isa = PBXProject;
			attributes = {
				LastSwiftUpdateCheck = 1020;
				LastUpgradeCheck = 1020;
				ORGANIZATIONNAME = "Syunsuke Nakao";
				TargetAttributes = {
					BFB3008B22B156CB0075A10B = {
						CreatedOnToolsVersion = 10.2.1;
					};
				};
			};
			buildConfigurationList = BFB3008722B156CB0075A10B /* Build configuration list for PBXProject "APIClient-MVC" */;
			compatibilityVersion = "Xcode 9.3";
			developmentRegion = en;
			hasScannedForEncodings = 0;
			knownRegions = (
				en,
				Base,
			);
			mainGroup = BFB3008322B156CB0075A10B;
			productRefGroup = BFB3008D22B156CB0075A10B /* Products */;
			projectDirPath = "";
			projectRoot = "";
			targets = (
				BFB3008B22B156CB0075A10B /* APIClient-MVC */,
			);
		};
/* End PBXProject section */

/* Begin PBXResourcesBuildPhase section */
		BFB3008A22B156CB0075A10B /* Resources */ = {
			isa = PBXResourcesBuildPhase;
			buildActionMask = 2147483647;
			files = (
				BFB3009A22B156CD0075A10B /* LaunchScreen.storyboard in Resources */,
				BFB3009722B156CD0075A10B /* Assets.xcassets in Resources */,
				BFB3009522B156CB0075A10B /* Main.storyboard in Resources */,
			);
			runOnlyForDeploymentPostprocessing = 0;
		};
/* End PBXResourcesBuildPhase section */

/* Begin PBXSourcesBuildPhase section */
		BFB3008822B156CB0075A10B /* Sources */ = {
			isa = PBXSourcesBuildPhase;
			buildActionMask = 2147483647;
			files = (
				BFB300A622B1576A0075A10B /* Entry.swift in Sources */,
				BFB3009222B156CB0075A10B /* ViewController.swift in Sources */,
				BFB300A422B1574A0075A10B /* EntryListModel.swift in Sources */,
				BFB3009022B156CB0075A10B /* AppDelegate.swift in Sources */,
				BFB300AC22B1DDDF0075A10B /* UIImageView+.swift in Sources */,
			);
			runOnlyForDeploymentPostprocessing = 0;
		};
/* End PBXSourcesBuildPhase section */

/* Begin PBXVariantGroup section */
		BFB3009322B156CB0075A10B /* Main.storyboard */ = {
			isa = PBXVariantGroup;
			children = (
				BFB3009422B156CB0075A10B /* Base */,
			);
			name = Main.storyboard;
			sourceTree = "<group>";
		};
		BFB3009822B156CD0075A10B /* LaunchScreen.storyboard */ = {
			isa = PBXVariantGroup;
			children = (
				BFB3009922B156CD0075A10B /* Base */,
			);
			name = LaunchScreen.storyboard;
			sourceTree = "<group>";
		};
/* End PBXVariantGroup section */

/* Begin XCBuildConfiguration section */
		BFB3009C22B156CD0075A10B /* Debug */ = {
			isa = XCBuildConfiguration;
			buildSettings = {
				ALWAYS_SEARCH_USER_PATHS = NO;
				CLANG_ANALYZER_NONNULL = YES;
				CLANG_ANALYZER_NUMBER_OBJECT_CONVERSION = YES_AGGRESSIVE;
				CLANG_CXX_LANGUAGE_STANDARD = "gnu++14";
				CLANG_CXX_LIBRARY = "libc++";
				CLANG_ENABLE_MODULES = YES;
				CLANG_ENABLE_OBJC_ARC = YES;
				CLANG_ENABLE_OBJC_WEAK = YES;
				CLANG_WARN_BLOCK_CAPTURE_AUTORELEASING = YES;
				CLANG_WARN_BOOL_CONVERSION = YES;
				CLANG_WARN_COMMA = YES;
				CLANG_WARN_CONSTANT_CONVERSION = YES;
				CLANG_WARN_DEPRECATED_OBJC_IMPLEMENTATIONS = YES;
				CLANG_WARN_DIRECT_OBJC_ISA_USAGE = YES_ERROR;
				CLANG_WARN_DOCUMENTATION_COMMENTS = YES;
				CLANG_WARN_EMPTY_BODY = YES;
				CLANG_WARN_ENUM_CONVERSION = YES;
				CLANG_WARN_INFINITE_RECURSION = YES;
				CLANG_WARN_INT_CONVERSION = YES;
				CLANG_WARN_NON_LITERAL_NULL_CONVERSION = YES;
				CLANG_WARN_OBJC_IMPLICIT_RETAIN_SELF = YES;
				CLANG_WARN_OBJC_LITERAL_CONVERSION = YES;
				CLANG_WARN_OBJC_ROOT_CLASS = YES_ERROR;
				CLANG_WARN_RANGE_LOOP_ANALYSIS = YES;
				CLANG_WARN_STRICT_PROTOTYPES = YES;
				CLANG_WARN_SUSPICIOUS_MOVE = YES;
				CLANG_WARN_UNGUARDED_AVAILABILITY = YES_AGGRESSIVE;
				CLANG_WARN_UNREACHABLE_CODE = YES;
				CLANG_WARN__DUPLICATE_METHOD_MATCH = YES;
				CODE_SIGN_IDENTITY = "iPhone Developer";
				COPY_PHASE_STRIP = NO;
				DEBUG_INFORMATION_FORMAT = dwarf;
				ENABLE_STRICT_OBJC_MSGSEND = YES;
				ENABLE_TESTABILITY = YES;
				GCC_C_LANGUAGE_STANDARD = gnu11;
				GCC_DYNAMIC_NO_PIC = NO;
				GCC_NO_COMMON_BLOCKS = YES;
				GCC_OPTIMIZATION_LEVEL = 0;
				GCC_PREPROCESSOR_DEFINITIONS = (
					"DEBUG=1",
					"$(inherited)",
				);
				GCC_WARN_64_TO_32_BIT_CONVERSION = YES;
				GCC_WARN_ABOUT_RETURN_TYPE = YES_ERROR;
				GCC_WARN_UNDECLARED_SELECTOR = YES;
				GCC_WARN_UNINITIALIZED_AUTOS = YES_AGGRESSIVE;
				GCC_WARN_UNUSED_FUNCTION = YES;
				GCC_WARN_UNUSED_VARIABLE = YES;
				IPHONEOS_DEPLOYMENT_TARGET = 12.2;
				MTL_ENABLE_DEBUG_INFO = INCLUDE_SOURCE;
				MTL_FAST_MATH = YES;
				ONLY_ACTIVE_ARCH = YES;
				SDKROOT = iphoneos;
				SWIFT_ACTIVE_COMPILATION_CONDITIONS = DEBUG;
				SWIFT_OPTIMIZATION_LEVEL = "-Onone";
			};
			name = Debug;
		};
		BFB3009D22B156CD0075A10B /* Release */ = {
			isa = XCBuildConfiguration;
			buildSettings = {
				ALWAYS_SEARCH_USER_PATHS = NO;
				CLANG_ANALYZER_NONNULL = YES;
				CLANG_ANALYZER_NUMBER_OBJECT_CONVERSION = YES_AGGRESSIVE;
				CLANG_CXX_LANGUAGE_STANDARD = "gnu++14";
				CLANG_CXX_LIBRARY = "libc++";
				CLANG_ENABLE_MODULES = YES;
				CLANG_ENABLE_OBJC_ARC = YES;
				CLANG_ENABLE_OBJC_WEAK = YES;
				CLANG_WARN_BLOCK_CAPTURE_AUTORELEASING = YES;
				CLANG_WARN_BOOL_CONVERSION = YES;
				CLANG_WARN_COMMA = YES;
				CLANG_WARN_CONSTANT_CONVERSION = YES;
				CLANG_WARN_DEPRECATED_OBJC_IMPLEMENTATIONS = YES;
				CLANG_WARN_DIRECT_OBJC_ISA_USAGE = YES_ERROR;
				CLANG_WARN_DOCUMENTATION_COMMENTS = YES;
				CLANG_WARN_EMPTY_BODY = YES;
				CLANG_WARN_ENUM_CONVERSION = YES;
				CLANG_WARN_INFINITE_RECURSION = YES;
				CLANG_WARN_INT_CONVERSION = YES;
				CLANG_WARN_NON_LITERAL_NULL_CONVERSION = YES;
				CLANG_WARN_OBJC_IMPLICIT_RETAIN_SELF = YES;
				CLANG_WARN_OBJC_LITERAL_CONVERSION = YES;
				CLANG_WARN_OBJC_ROOT_CLASS = YES_ERROR;
				CLANG_WARN_RANGE_LOOP_ANALYSIS = YES;
				CLANG_WARN_STRICT_PROTOTYPES = YES;
				CLANG_WARN_SUSPICIOUS_MOVE = YES;
				CLANG_WARN_UNGUARDED_AVAILABILITY = YES_AGGRESSIVE;
				CLANG_WARN_UNREACHABLE_CODE = YES;
				CLANG_WARN__DUPLICATE_METHOD_MATCH = YES;
				CODE_SIGN_IDENTITY = "iPhone Developer";
				COPY_PHASE_STRIP = NO;
				DEBUG_INFORMATION_FORMAT = "dwarf-with-dsym";
				ENABLE_NS_ASSERTIONS = NO;
				ENABLE_STRICT_OBJC_MSGSEND = YES;
				GCC_C_LANGUAGE_STANDARD = gnu11;
				GCC_NO_COMMON_BLOCKS = YES;
				GCC_WARN_64_TO_32_BIT_CONVERSION = YES;
				GCC_WARN_ABOUT_RETURN_TYPE = YES_ERROR;
				GCC_WARN_UNDECLARED_SELECTOR = YES;
				GCC_WARN_UNINITIALIZED_AUTOS = YES_AGGRESSIVE;
				GCC_WARN_UNUSED_FUNCTION = YES;
				GCC_WARN_UNUSED_VARIABLE = YES;
				IPHONEOS_DEPLOYMENT_TARGET = 12.2;
				MTL_ENABLE_DEBUG_INFO = NO;
				MTL_FAST_MATH = YES;
				SDKROOT = iphoneos;
				SWIFT_COMPILATION_MODE = wholemodule;
				SWIFT_OPTIMIZATION_LEVEL = "-O";
				VALIDATE_PRODUCT = YES;
			};
			name = Release;
		};
		BFB3009F22B156CD0075A10B /* Debug */ = {
			isa = XCBuildConfiguration;
			buildSettings = {
				ASSETCATALOG_COMPILER_APPICON_NAME = AppIcon;
				CODE_SIGN_STYLE = Automatic;
				DEVELOPMENT_TEAM = MA457A3LUC;
				INFOPLIST_FILE = "APIClient-MVC/Info.plist";
				LD_RUNPATH_SEARCH_PATHS = (
					"$(inherited)",
					"@executable_path/Frameworks",
				);
				PRODUCT_BUNDLE_IDENTIFIER = "com.mani.APIClient-MVC";
				PRODUCT_NAME = "$(TARGET_NAME)";
				SWIFT_VERSION = 5.0;
				TARGETED_DEVICE_FAMILY = "1,2";
			};
			name = Debug;
		};
		BFB300A022B156CD0075A10B /* Release */ = {
			isa = XCBuildConfiguration;
			buildSettings = {
				ASSETCATALOG_COMPILER_APPICON_NAME = AppIcon;
				CODE_SIGN_STYLE = Automatic;
				DEVELOPMENT_TEAM = MA457A3LUC;
				INFOPLIST_FILE = "APIClient-MVC/Info.plist";
				LD_RUNPATH_SEARCH_PATHS = (
					"$(inherited)",
					"@executable_path/Frameworks",
				);
				PRODUCT_BUNDLE_IDENTIFIER = "com.mani.APIClient-MVC";
				PRODUCT_NAME = "$(TARGET_NAME)";
				SWIFT_VERSION = 5.0;
				TARGETED_DEVICE_FAMILY = "1,2";
			};
			name = Release;
		};
/* End XCBuildConfiguration section */

/* Begin XCConfigurationList section */
		BFB3008722B156CB0075A10B /* Build configuration list for PBXProject "APIClient-MVC" */ = {
			isa = XCConfigurationList;
			buildConfigurations = (
				BFB3009C22B156CD0075A10B /* Debug */,
				BFB3009D22B156CD0075A10B /* Release */,
			);
			defaultConfigurationIsVisible = 0;
			defaultConfigurationName = Release;
		};
		BFB3009E22B156CD0075A10B /* Build configuration list for PBXNativeTarget "APIClient-MVC" */ = {
			isa = XCConfigurationList;
			buildConfigurations = (
				BFB3009F22B156CD0075A10B /* Debug */,
				BFB300A022B156CD0075A10B /* Release */,
			);
			defaultConfigurationIsVisible = 0;
			defaultConfigurationName = Release;
		};
/* End XCConfigurationList section */
	};
	rootObject = BFB3008422B156CB0075A10B /* Project object */;
}
